
Microsoft Visual Studio Solution File, Format Version 12.00
# Visual Studio Version 17
VisualStudioVersion = 17.12.35521.163 d17.12
MinimumVisualStudioVersion = 10.0.40219.1
Project("{FAE04EC0-301F-11D3-BF4B-00C04F79EFBC}") = "Midterm_API", "Midterm_API\Midterm_API.csproj", "{C988E82B-49BE-4D65-A388-8CCC29D5304D}"
EndProject
Project("{FAE04EC0-301F-11D3-BF4B-00C04F79EFBC}") = "Midterm_UI", "Midterm_UI\Midterm_UI.csproj", "{196E1E5A-CCBD-430B-B767-75CDC6C555CA}"
EndProject
Global
	GlobalSection(SolutionConfigurationPlatforms) = preSolution
		Debug|Any CPU = Debug|Any CPU
		Release|Any CPU = Release|Any CPU
	EndGlobalSection
	GlobalSection(ProjectConfigurationPlatforms) = postSolution
		{C988E82B-49BE-4D65-A388-8CCC29D5304D}.Debug|Any CPU.ActiveCfg = Debug|Any CPU
		{C988E82B-49BE-4D65-A388-8CCC29D5304D}.Debug|Any CPU.Build.0 = Debug|Any CPU
		{C988E82B-49BE-4D65-A388-8CCC29D5304D}.Release|Any CPU.ActiveCfg = Release|Any CPU
		{C988E82B-49BE-4D65-A388-8CCC29D5304D}.Release|Any CPU.Build.0 = Release|Any CPU
		{196E1E5A-CCBD-430B-B767-75CDC6C555CA}.Debug|Any CPU.ActiveCfg = Debug|Any CPU
		{196E1E5A-CCBD-430B-B767-75CDC6C555CA}.Debug|Any CPU.Build.0 = Debug|Any CPU
		{196E1E5A-CCBD-430B-B767-75CDC6C555CA}.Release|Any CPU.ActiveCfg = Release|Any CPU
		{196E1E5A-CCBD-430B-B767-75CDC6C555CA}.Release|Any CPU.Build.0 = Release|Any CPU
	EndGlobalSection
	GlobalSection(SolutionProperties) = preSolution
		HideSolutionNode = FALSE
	EndGlobalSection
EndGlobal
